
Microsoft Visual Studio Solution File, Format Version 12.00
# Visual Studio 15
VisualStudioVersion = 15.0.27004.2006
MinimumVisualStudioVersion = 10.0.40219.1
Project("{FAE04EC0-301F-11D3-BF4B-00C04F79EFBC}") = "ACT.FFXIVPing", "ACT.FFXIVPing\ACT.FFXIVPing.csproj", "{087FEB59-87E8-43C3-9E01-77F53D3E4F2D}"
EndProject
Global
	GlobalSection(SolutionConfigurationPlatforms) = preSolution
		Debug|Any CPU = Debug|Any CPU
		Release|Any CPU = Release|Any CPU
	EndGlobalSection
	GlobalSection(ProjectConfigurationPlatforms) = postSolution
		{087FEB59-87E8-43C3-9E01-77F53D3E4F2D}.Debug|Any CPU.ActiveCfg = Debug|Any CPU
		{087FEB59-87E8-43C3-9E01-77F53D3E4F2D}.Debug|Any CPU.Build.0 = Debug|Any CPU
		{087FEB59-87E8-43C3-9E01-77F53D3E4F2D}.Release|Any CPU.ActiveCfg = Release|Any CPU
		{087FEB59-87E8-43C3-9E01-77F53D3E4F2D}.Release|Any CPU.Build.0 = Release|Any CPU
	EndGlobalSection
	GlobalSection(SolutionProperties) = preSolution
		HideSolutionNode = FALSE
	EndGlobalSection
	GlobalSection(ExtensibilityGlobals) = postSolution
		SolutionGuid = {DCCB87D9-1FE6-4334-BF32-E5C9C00E8469}
	EndGlobalSection
EndGlobal
